<?xml version="1.0" encoding="utf-8"?>
<Project ToolsVersion="4.0" xmlns="http://schemas.microsoft.com/developer/msbuild/2003">
  <ItemGroup>
    <Filter Include="Program">
      <UniqueIdentifier>{4b2dd2b1-094e-4267-9704-7b2d8e493fe3}</UniqueIdentifier>
    </Filter>
    <Filter Include="Shader">
      <UniqueIdentifier>{ee65cdab-7690-474d-a2a0-4b985e443bee}</UniqueIdentifier>
    </Filter>
    <Filter Include="Program\00_Game">
      <UniqueIdentifier>{8faa3eb8-5c05-49a9-9293-9f97d92da183}</UniqueIdentifier>
    </Filter>
    <Filter Include="Program\01_Engine">
      <UniqueIdentifier>{9e1b03aa-c09c-457c-97b7-b0a7e4459a79}</UniqueIdentifier>
    </Filter>
    <Filter Include="Program\02_Library">
      <UniqueIdentifier>{fecd4be1-b4b8-4d6b-8515-9b6bc236a102}</UniqueIdentifier>
    </Filter>
    <Filter Include="Program\01_Engine\Camera">
      <UniqueIdentifier>{513ab0b8-cdae-4703-a9d1-42a49873ff69}</UniqueIdentifier>
    </Filter>
    <Filter Include="Program\01_Engine\Renderer">
      <UniqueIdentifier>{a310e053-8c41-4636-862d-de3dd2035280}</UniqueIdentifier>
    </Filter>
  </ItemGroup>
  <ItemGroup>
    <ClCompile Include="Program\Main.cpp" />
    <ClCompile Include="Program\00_Game\GameMain.cpp">
      <Filter>Program\00_Game</Filter>
    </ClCompile>
    <ClCompile Include="Program\01_Engine\Mesh.cpp">
      <Filter>Program\01_Engine</Filter>
    </ClCompile>
    <ClCompile Include="Program\01_Engine\Shader.cpp">
      <Filter>Program\01_Engine</Filter>
    </ClCompile>
    <ClCompile Include="Program\01_Engine\ShaderFactory.cpp">
      <Filter>Program\01_Engine</Filter>
    </ClCompile>
    <ClCompile Include="Program\01_Engine\Texture.cpp">
      <Filter>Program\01_Engine</Filter>
    </ClCompile>
    <ClCompile Include="Program\01_Engine\VertexArray.cpp">
      <Filter>Program\01_Engine</Filter>
    </ClCompile>
    <ClCompile Include="Program\02_Library\FontTexture.cpp">
      <Filter>Program\02_Library</Filter>
    </ClCompile>
    <ClCompile Include="Program\02_Library\Input.cpp">
      <Filter>Program\02_Library</Filter>
    </ClCompile>
    <ClCompile Include="Program\02_Library\Matrix.cpp">
      <Filter>Program\02_Library</Filter>
    </ClCompile>
    <ClCompile Include="Program\02_Library\Quaternion.cpp">
      <Filter>Program\02_Library</Filter>
    </ClCompile>
    <ClCompile Include="Program\02_Library\Utility.cpp">
      <Filter>Program\02_Library</Filter>
    </ClCompile>
    <ClCompile Include="Program\02_Library\Vector.cpp">
      <Filter>Program\02_Library</Filter>
    </ClCompile>
    <ClCompile Include="Program\01_Engine\System.cpp">
      <Filter>Program\01_Engine</Filter>
    </ClCompile>
    <ClCompile Include="Program\01_Engine\ResourceManager.cpp">
      <Filter>Program\01_Engine</Filter>
    </ClCompile>
    <ClCompile Include="Program\01_Engine\Renderer\MeshRenderer.cpp">
      <Filter>Program\01_Engine\Renderer</Filter>
    </ClCompile>
    <ClCompile Include="Program\01_Engine\Renderer\Renderer.cpp">
      <Filter>Program\01_Engine\Renderer</Filter>
    </ClCompile>
    <ClCompile Include="Program\01_Engine\Renderer\SpriteRenderer.cpp">
      <Filter>Program\01_Engine\Renderer</Filter>
    </ClCompile>
    <ClCompile Include="Program\01_Engine\Renderer\WireRenderer.cpp">
      <Filter>Program\01_Engine\Renderer</Filter>
    </ClCompile>
    <ClCompile Include="Program\01_Engine\GameManager.cpp">
      <Filter>Program\01_Engine</Filter>
    </ClCompile>
    <ClCompile Include="Program\01_Engine\Camera\PostureControlCamera.cpp">
      <Filter>Program\01_Engine\Camera</Filter>
    </ClCompile>
  </ItemGroup>
  <ItemGroup>
    <None Include="Shader\LambertFrag.glsl">
      <Filter>Shader</Filter>
    </None>
    <None Include="Shader\LambertVert.glsl">
      <Filter>Shader</Filter>
    </None>
    <None Include="Shader\BasicFrag.glsl">
      <Filter>Shader</Filter>
    </None>
    <None Include="Shader\BasicVert.glsl">
      <Filter>Shader</Filter>
    </None>
    <None Include="Shader\SpriteFrag.glsl">
      <Filter>Shader</Filter>
    </None>
    <None Include="Shader\SpriteVert.glsl">
      <Filter>Shader</Filter>
    </None>
  </ItemGroup>
  <ItemGroup>
    <ClInclude Include="Program\00_Game\GameMain.h">
      <Filter>Program\00_Game</Filter>
    </ClInclude>
    <ClInclude Include="Program\01_Engine\Mesh.h">
      <Filter>Program\01_Engine</Filter>
    </ClInclude>
    <ClInclude Include="Program\01_Engine\Shader.h">
      <Filter>Program\01_Engine</Filter>
    </ClInclude>
    <ClInclude Include="Program\01_Engine\ShaderFactory.h">
      <Filter>Program\01_Engine</Filter>
    </ClInclude>
    <ClInclude Include="Program\01_Engine\Texture.h">
      <Filter>Program\01_Engine</Filter>
    </ClInclude>
    <ClInclude Include="Program\01_Engine\VertexArray.h">
      <Filter>Program\01_Engine</Filter>
    </ClInclude>
    <ClInclude Include="Program\02_Library\FontTexture.h">
      <Filter>Program\02_Library</Filter>
    </ClInclude>
    <ClInclude Include="Program\02_Library\Input.h">
      <Filter>Program\02_Library</Filter>
    </ClInclude>
    <ClInclude Include="Program\02_Library\Math.h">
      <Filter>Program\02_Library</Filter>
    </ClInclude>
    <ClInclude Include="Program\02_Library\Matrix.h">
      <Filter>Program\02_Library</Filter>
    </ClInclude>
    <ClInclude Include="Program\02_Library\Quaternion.h">
      <Filter>Program\02_Library</Filter>
    </ClInclude>
    <ClInclude Include="Program\02_Library\Utility.h">
      <Filter>Program\02_Library</Filter>
    </ClInclude>
    <ClInclude Include="Program\02_Library\Vector.h">
      <Filter>Program\02_Library</Filter>
    </ClInclude>
    <ClInclude Include="Program\01_Engine\System.h">
      <Filter>Program\01_Engine</Filter>
    </ClInclude>
    <ClInclude Include="Program\01_Engine\ResourceManager.h">
      <Filter>Program\01_Engine</Filter>
    </ClInclude>
    <ClInclude Include="Program\01_Engine\Renderer\MeshRenderer.h">
      <Filter>Program\01_Engine\Renderer</Filter>
    </ClInclude>
    <ClInclude Include="Program\01_Engine\Renderer\Renderer.h">
      <Filter>Program\01_Engine\Renderer</Filter>
    </ClInclude>
    <ClInclude Include="Program\01_Engine\Renderer\SpriteRenderer.h">
      <Filter>Program\01_Engine\Renderer</Filter>
    </ClInclude>
    <ClInclude Include="Program\01_Engine\Renderer\WireRenderer.h">
      <Filter>Program\01_Engine\Renderer</Filter>
    </ClInclude>
    <ClInclude Include="Program\01_Engine\Camera\Camera.h">
      <Filter>Program\01_Engine\Camera</Filter>
    </ClInclude>
    <ClInclude Include="Program\01_Engine\GameManager.h">
      <Filter>Program\01_Engine</Filter>
    </ClInclude>
    <ClInclude Include="Program\01_Engine\Camera\PostureControlCamera.h">
      <Filter>Program\01_Engine\Camera</Filter>
    </ClInclude>
  </ItemGroup>
</Project>