<?xml version="1.0" encoding="utf-8"?>
<Project ToolsVersion="4.0" xmlns="http://schemas.microsoft.com/developer/msbuild/2003">
  <ItemGroup>
    <Filter Include="Program">
      <UniqueIdentifier>{4b2dd2b1-094e-4267-9704-7b2d8e493fe3}</UniqueIdentifier>
    </Filter>
    <Filter Include="Shader">
      <UniqueIdentifier>{ee65cdab-7690-474d-a2a0-4b985e443bee}</UniqueIdentifier>
    </Filter>
    <Filter Include="Program\00_Game">
      <UniqueIdentifier>{8faa3eb8-5c05-49a9-9293-9f97d92da183}</UniqueIdentifier>
    </Filter>
    <Filter Include="Program\01_Engine">
      <UniqueIdentifier>{9e1b03aa-c09c-457c-97b7-b0a7e4459a79}</UniqueIdentifier>
    </Filter>
    <Filter Include="Program\02_Library">
      <UniqueIdentifier>{fecd4be1-b4b8-4d6b-8515-9b6bc236a102}</UniqueIdentifier>
    </Filter>
    <Filter Include="Program\01_Engine\Camera">
      <UniqueIdentifier>{513ab0b8-cdae-4703-a9d1-42a49873ff69}</UniqueIdentifier>
    </Filter>
    <Filter Include="Program\00_Game\Scene">
      <UniqueIdentifier>{85c65fba-797b-4a88-ae40-483565a6c34e}</UniqueIdentifier>
    </Filter>
    <Filter Include="Program\01_Engine\Sound">
      <UniqueIdentifier>{8f058a62-a6e1-4bd0-98f6-cba5c30e9ec2}</UniqueIdentifier>
    </Filter>
    <Filter Include="Program\00_Game\GameObject">
      <UniqueIdentifier>{c3ef4901-16dd-4bc6-93cb-f92c31d6a759}</UniqueIdentifier>
    </Filter>
    <Filter Include="Program\00_Game\NotifyService">
      <UniqueIdentifier>{f1522289-17b4-4584-8069-46c28d0fd81d}</UniqueIdentifier>
    </Filter>
    <Filter Include="Program\01_Engine\Graphics">
      <UniqueIdentifier>{4adea110-c0d9-4c7b-aa6d-03cfa7aa483b}</UniqueIdentifier>
    </Filter>
    <Filter Include="Program\01_Engine\Graphics\Renderer">
      <UniqueIdentifier>{27fa6da7-34d8-4d6b-bdaf-5923049f0e65}</UniqueIdentifier>
    </Filter>
    <Filter Include="Program\01_Engine\Graphics\Geometry">
      <UniqueIdentifier>{f52efef9-ba99-4710-b8c2-2b93275c37e7}</UniqueIdentifier>
    </Filter>
    <Filter Include="Program\01_Engine\Graphics\Font">
      <UniqueIdentifier>{9a23ecb6-d141-4e6a-8e31-954e2462a1f4}</UniqueIdentifier>
    </Filter>
  </ItemGroup>
  <ItemGroup>
    <ClCompile Include="Program\00_Game\GameMain.cpp">
      <Filter>Program\00_Game</Filter>
    </ClCompile>
    <ClCompile Include="Program\02_Library\FontTexture.cpp">
      <Filter>Program\02_Library</Filter>
    </ClCompile>
    <ClCompile Include="Program\02_Library\Input.cpp">
      <Filter>Program\02_Library</Filter>
    </ClCompile>
    <ClCompile Include="Program\02_Library\Matrix.cpp">
      <Filter>Program\02_Library</Filter>
    </ClCompile>
    <ClCompile Include="Program\02_Library\Quaternion.cpp">
      <Filter>Program\02_Library</Filter>
    </ClCompile>
    <ClCompile Include="Program\02_Library\Utility.cpp">
      <Filter>Program\02_Library</Filter>
    </ClCompile>
    <ClCompile Include="Program\02_Library\Vector.cpp">
      <Filter>Program\02_Library</Filter>
    </ClCompile>
    <ClCompile Include="Program\01_Engine\System.cpp">
      <Filter>Program\01_Engine</Filter>
    </ClCompile>
    <ClCompile Include="Program\01_Engine\Camera\PostureControlCamera.cpp">
      <Filter>Program\01_Engine\Camera</Filter>
    </ClCompile>
    <ClCompile Include="Program\01_Engine\Camera\ScreenCamera.cpp">
      <Filter>Program\01_Engine\Camera</Filter>
    </ClCompile>
    <ClCompile Include="Program\02_Library\Math.cpp">
      <Filter>Program\02_Library</Filter>
    </ClCompile>
    <ClCompile Include="Program\01_Engine\Intersect.cpp">
      <Filter>Program\01_Engine</Filter>
    </ClCompile>
    <ClCompile Include="Program\00_Game\GameManager.cpp">
      <Filter>Program\00_Game</Filter>
    </ClCompile>
    <ClCompile Include="Program\Main.cpp">
      <Filter>Program</Filter>
    </ClCompile>
    <ClCompile Include="Program\01_Engine\Sound\SoundBuffer.cpp">
      <Filter>Program\01_Engine\Sound</Filter>
    </ClCompile>
    <ClCompile Include="Program\01_Engine\Sound\SoundParser.cpp">
      <Filter>Program\01_Engine\Sound</Filter>
    </ClCompile>
    <ClCompile Include="Program\01_Engine\Sound\Sound.cpp">
      <Filter>Program\01_Engine\Sound</Filter>
    </ClCompile>
    <ClCompile Include="Program\00_Game\GameObject\AdvanceUnit.cpp">
      <Filter>Program\00_Game\GameObject</Filter>
    </ClCompile>
    <ClCompile Include="Program\01_Engine\Algorithm.cpp">
      <Filter>Program\01_Engine</Filter>
    </ClCompile>
    <ClCompile Include="Program\00_Game\GameObject\DefenseUnit.cpp">
      <Filter>Program\00_Game\GameObject</Filter>
    </ClCompile>
    <ClCompile Include="Program\00_Game\GameObject\Bullet.cpp">
      <Filter>Program\00_Game\GameObject</Filter>
    </ClCompile>
    <ClCompile Include="Program\00_Game\GameObject\ObjectManager.cpp">
      <Filter>Program\00_Game\GameObject</Filter>
    </ClCompile>
    <ClCompile Include="Program\01_Engine\Camera\FixedCamera.cpp">
      <Filter>Program\01_Engine\Camera</Filter>
    </ClCompile>
    <ClCompile Include="Program\00_Game\Field.cpp">
      <Filter>Program\00_Game</Filter>
    </ClCompile>
    <ClCompile Include="Program\00_Game\NotifyService\Notifier.cpp">
      <Filter>Program\00_Game\NotifyService</Filter>
    </ClCompile>
    <ClCompile Include="Program\00_Game\NotifyService\Observer.h">
      <Filter>Program\00_Game\NotifyService</Filter>
    </ClCompile>
    <ClCompile Include="Program\00_Game\NotifyService\AdvanceUnitObserver.cpp">
      <Filter>Program\00_Game\NotifyService</Filter>
    </ClCompile>
    <ClCompile Include="Program\00_Game\NotifyService\DefenseUnitObserver.cpp">
      <Filter>Program\00_Game\NotifyService</Filter>
    </ClCompile>
    <ClCompile Include="Program\00_Game\Scene\TitleScene.cpp">
      <Filter>Program\00_Game\Scene</Filter>
    </ClCompile>
    <ClCompile Include="Program\00_Game\Scene\GameScene.cpp">
      <Filter>Program\00_Game\Scene</Filter>
    </ClCompile>
    <ClCompile Include="Program\00_Game\Scene\SceneManager.cpp">
      <Filter>Program\00_Game\Scene</Filter>
    </ClCompile>
    <ClCompile Include="Program\00_Game\Scene\PauseScene.cpp">
      <Filter>Program\00_Game\Scene</Filter>
    </ClCompile>
    <ClCompile Include="Program\00_Game\Scene\GameOverScene.cpp">
      <Filter>Program\00_Game\Scene</Filter>
    </ClCompile>
    <ClCompile Include="Program\00_Game\GameObject\Cell.cpp">
      <Filter>Program\00_Game\GameObject</Filter>
    </ClCompile>
    <ClCompile Include="Program\01_Engine\Graphics\Shader.cpp">
      <Filter>Program\01_Engine\Graphics</Filter>
    </ClCompile>
    <ClCompile Include="Program\01_Engine\Graphics\ShaderFactory.cpp">
      <Filter>Program\01_Engine\Graphics</Filter>
    </ClCompile>
    <ClCompile Include="Program\01_Engine\Graphics\Renderer\MeshRenderer.cpp">
      <Filter>Program\01_Engine\Graphics\Renderer</Filter>
    </ClCompile>
    <ClCompile Include="Program\01_Engine\Graphics\Renderer\Renderer.cpp">
      <Filter>Program\01_Engine\Graphics\Renderer</Filter>
    </ClCompile>
    <ClCompile Include="Program\01_Engine\Graphics\Renderer\SpriteRenderer.cpp">
      <Filter>Program\01_Engine\Graphics\Renderer</Filter>
    </ClCompile>
    <ClCompile Include="Program\01_Engine\Graphics\Renderer\WireRenderer.cpp">
      <Filter>Program\01_Engine\Graphics\Renderer</Filter>
    </ClCompile>
    <ClCompile Include="Program\01_Engine\Graphics\Geometry\Mesh.cpp">
      <Filter>Program\01_Engine\Graphics\Geometry</Filter>
    </ClCompile>
    <ClCompile Include="Program\01_Engine\Graphics\Geometry\OBJLoader.cpp">
      <Filter>Program\01_Engine\Graphics\Geometry</Filter>
    </ClCompile>
    <ClCompile Include="Program\01_Engine\Graphics\Geometry\Texture.cpp">
      <Filter>Program\01_Engine\Graphics\Geometry</Filter>
    </ClCompile>
    <ClCompile Include="Program\01_Engine\Graphics\Geometry\VertexArray.cpp">
      <Filter>Program\01_Engine\Graphics\Geometry</Filter>
    </ClCompile>
    <ClCompile Include="Program\01_Engine\ResourceManager.cpp">
      <Filter>Program\01_Engine</Filter>
    </ClCompile>
    <ClCompile Include="Program\01_Engine\Graphics\Geometry\Model.cpp">
      <Filter>Program\01_Engine\Graphics\Geometry</Filter>
    </ClCompile>
    <ClCompile Include="Program\01_Engine\Graphics\Button.cpp">
      <Filter>Program\01_Engine\Graphics</Filter>
    </ClCompile>
    <ClCompile Include="Program\01_Engine\Graphics\Canvas.cpp">
      <Filter>Program\01_Engine\Graphics</Filter>
    </ClCompile>
    <ClCompile Include="Program\01_Engine\Graphics\Font\Font.cpp">
      <Filter>Program\01_Engine\Graphics\Font</Filter>
    </ClCompile>
    <ClCompile Include="Program\01_Engine\Graphics\Font\FontManager.cpp">
      <Filter>Program\01_Engine\Graphics\Font</Filter>
    </ClCompile>
    <ClCompile Include="Program\UiHitPoint.cpp">
      <Filter>Program</Filter>
    </ClCompile>
  </ItemGroup>
  <ItemGroup>
    <None Include="Shader\LambertFrag.glsl">
      <Filter>Shader</Filter>
    </None>
    <None Include="Shader\LambertVert.glsl">
      <Filter>Shader</Filter>
    </None>
    <None Include="Shader\BasicFrag.glsl">
      <Filter>Shader</Filter>
    </None>
    <None Include="Shader\BasicVert.glsl">
      <Filter>Shader</Filter>
    </None>
    <None Include="Shader\SpriteFrag.glsl">
      <Filter>Shader</Filter>
    </None>
    <None Include="Shader\SpriteVert.glsl">
      <Filter>Shader</Filter>
    </None>
    <None Include="Shader\FontFrag.glsl">
      <Filter>Shader</Filter>
    </None>
    <None Include="Shader\FontVert.glsl">
      <Filter>Shader</Filter>
    </None>
  </ItemGroup>
  <ItemGroup>
    <ClInclude Include="Program\00_Game\GameMain.h">
      <Filter>Program\00_Game</Filter>
    </ClInclude>
    <ClInclude Include="Program\02_Library\FontTexture.h">
      <Filter>Program\02_Library</Filter>
    </ClInclude>
    <ClInclude Include="Program\02_Library\Input.h">
      <Filter>Program\02_Library</Filter>
    </ClInclude>
    <ClInclude Include="Program\02_Library\Math.h">
      <Filter>Program\02_Library</Filter>
    </ClInclude>
    <ClInclude Include="Program\02_Library\Matrix.h">
      <Filter>Program\02_Library</Filter>
    </ClInclude>
    <ClInclude Include="Program\02_Library\Quaternion.h">
      <Filter>Program\02_Library</Filter>
    </ClInclude>
    <ClInclude Include="Program\02_Library\Utility.h">
      <Filter>Program\02_Library</Filter>
    </ClInclude>
    <ClInclude Include="Program\02_Library\Vector.h">
      <Filter>Program\02_Library</Filter>
    </ClInclude>
    <ClInclude Include="Program\01_Engine\System.h">
      <Filter>Program\01_Engine</Filter>
    </ClInclude>
    <ClInclude Include="Program\01_Engine\ResourceManager.h">
      <Filter>Program\01_Engine</Filter>
    </ClInclude>
    <ClInclude Include="Program\01_Engine\Camera\Camera.h">
      <Filter>Program\01_Engine\Camera</Filter>
    </ClInclude>
    <ClInclude Include="Program\01_Engine\Camera\PostureControlCamera.h">
      <Filter>Program\01_Engine\Camera</Filter>
    </ClInclude>
    <ClInclude Include="Program\01_Engine\Camera\ScreenCamera.h">
      <Filter>Program\01_Engine\Camera</Filter>
    </ClInclude>
    <ClInclude Include="Program\01_Engine\Intersect.h">
      <Filter>Program\01_Engine</Filter>
    </ClInclude>
    <ClInclude Include="Program\00_Game\Scene\SceneBase.h">
      <Filter>Program\00_Game\Scene</Filter>
    </ClInclude>
    <ClInclude Include="Program\00_Game\GameManager.h">
      <Filter>Program\00_Game</Filter>
    </ClInclude>
    <ClInclude Include="Program\01_Engine\Sound\SoundBuffer.h">
      <Filter>Program\01_Engine\Sound</Filter>
    </ClInclude>
    <ClInclude Include="Program\01_Engine\Sound\SoundParser.h">
      <Filter>Program\01_Engine\Sound</Filter>
    </ClInclude>
    <ClInclude Include="Program\01_Engine\Sound\Sound.h">
      <Filter>Program\01_Engine\Sound</Filter>
    </ClInclude>
    <ClInclude Include="Program\00_Game\GameObject\AdvanceUnit.h">
      <Filter>Program\00_Game\GameObject</Filter>
    </ClInclude>
    <ClInclude Include="Program\01_Engine\Algorithm.h">
      <Filter>Program\01_Engine</Filter>
    </ClInclude>
    <ClInclude Include="Program\00_Game\GameObject\DefenseUnit.h">
      <Filter>Program\00_Game\GameObject</Filter>
    </ClInclude>
    <ClInclude Include="Program\00_Game\GameObject\Bullet.h">
      <Filter>Program\00_Game\GameObject</Filter>
    </ClInclude>
    <ClInclude Include="Program\00_Game\GameObject\ObjectManager.h">
      <Filter>Program\00_Game\GameObject</Filter>
    </ClInclude>
    <ClInclude Include="Program\00_Game\GameObject\GameObject.h">
      <Filter>Program\00_Game\GameObject</Filter>
    </ClInclude>
    <ClInclude Include="Program\00_Game\GameObject\GameParameter.h">
      <Filter>Program\00_Game\GameObject</Filter>
    </ClInclude>
    <ClInclude Include="Program\01_Engine\Camera\FixedCamera.h">
      <Filter>Program\01_Engine\Camera</Filter>
    </ClInclude>
    <ClInclude Include="Program\00_Game\Field.h">
      <Filter>Program\00_Game</Filter>
    </ClInclude>
    <ClInclude Include="Program\00_Game\NotifyService\Notifier.h">
      <Filter>Program\00_Game\NotifyService</Filter>
    </ClInclude>
    <ClInclude Include="Program\00_Game\NotifyService\AdvanceUnitObserver.h">
      <Filter>Program\00_Game\NotifyService</Filter>
    </ClInclude>
    <ClInclude Include="Program\00_Game\NotifyService\DefenseUnitObserver.h">
      <Filter>Program\00_Game\NotifyService</Filter>
    </ClInclude>
    <ClInclude Include="Program\00_Game\Scene\TitleScene.h">
      <Filter>Program\00_Game\Scene</Filter>
    </ClInclude>
    <ClInclude Include="Program\00_Game\Scene\GameScene.h">
      <Filter>Program\00_Game\Scene</Filter>
    </ClInclude>
    <ClInclude Include="Program\00_Game\Scene\SceneManager.h">
      <Filter>Program\00_Game\Scene</Filter>
    </ClInclude>
    <ClInclude Include="Program\00_Game\Scene\PauseScene.h">
      <Filter>Program\00_Game\Scene</Filter>
    </ClInclude>
    <ClInclude Include="Program\00_Game\GameObject\Parameter.h">
      <Filter>Program\00_Game\GameObject</Filter>
    </ClInclude>
    <ClInclude Include="Program\00_Game\Scene\GameOverScene.h">
      <Filter>Program\00_Game\Scene</Filter>
    </ClInclude>
    <ClInclude Include="Program\00_Game\GameObject\Cell.h">
      <Filter>Program\00_Game\GameObject</Filter>
    </ClInclude>
    <ClInclude Include="Program\01_Engine\Graphics\Shader.h">
      <Filter>Program\01_Engine\Graphics</Filter>
    </ClInclude>
    <ClInclude Include="Program\01_Engine\Graphics\ShaderFactory.h">
      <Filter>Program\01_Engine\Graphics</Filter>
    </ClInclude>
    <ClInclude Include="Program\01_Engine\Graphics\Renderer\MeshRenderer.h">
      <Filter>Program\01_Engine\Graphics\Renderer</Filter>
    </ClInclude>
    <ClInclude Include="Program\01_Engine\Graphics\Renderer\Renderer.h">
      <Filter>Program\01_Engine\Graphics\Renderer</Filter>
    </ClInclude>
    <ClInclude Include="Program\01_Engine\Graphics\Renderer\SpriteRenderer.h">
      <Filter>Program\01_Engine\Graphics\Renderer</Filter>
    </ClInclude>
    <ClInclude Include="Program\01_Engine\Graphics\Renderer\WireRenderer.h">
      <Filter>Program\01_Engine\Graphics\Renderer</Filter>
    </ClInclude>
    <ClInclude Include="Program\01_Engine\Graphics\Geometry\Material.h">
      <Filter>Program\01_Engine\Graphics\Geometry</Filter>
    </ClInclude>
    <ClInclude Include="Program\01_Engine\Graphics\Geometry\Mesh.h">
      <Filter>Program\01_Engine\Graphics\Geometry</Filter>
    </ClInclude>
    <ClInclude Include="Program\01_Engine\Graphics\Geometry\OBJLoader.h">
      <Filter>Program\01_Engine\Graphics\Geometry</Filter>
    </ClInclude>
    <ClInclude Include="Program\01_Engine\Graphics\Geometry\Texture.h">
      <Filter>Program\01_Engine\Graphics\Geometry</Filter>
    </ClInclude>
    <ClInclude Include="Program\01_Engine\Graphics\Geometry\VertexArray.h">
      <Filter>Program\01_Engine\Graphics\Geometry</Filter>
    </ClInclude>
    <ClInclude Include="Program\01_Engine\Graphics\Geometry\Model.h">
      <Filter>Program\01_Engine\Graphics\Geometry</Filter>
    </ClInclude>
    <ClInclude Include="Program\01_Engine\Graphics\Button.h">
      <Filter>Program\01_Engine\Graphics</Filter>
    </ClInclude>
    <ClInclude Include="Program\01_Engine\Graphics\Canvas.h">
      <Filter>Program\01_Engine\Graphics</Filter>
    </ClInclude>
    <ClInclude Include="Program\01_Engine\Graphics\Font\Font.h">
      <Filter>Program\01_Engine\Graphics\Font</Filter>
    </ClInclude>
    <ClInclude Include="Program\01_Engine\Graphics\Font\FontManager.h">
      <Filter>Program\01_Engine\Graphics\Font</Filter>
    </ClInclude>
    <ClInclude Include="Program\UiHitPoint.h">
      <Filter>Program</Filter>
    </ClInclude>
    <ClInclude Include="Program\UiBase.h">
      <Filter>Program</Filter>
    </ClInclude>
  </ItemGroup>
</Project>